
Microsoft Visual Studio Solution File, Format Version 12.00
# Visual Studio 15
VisualStudioVersion = 15.0.28307.421
MinimumVisualStudioVersion = 10.0.40219.1
Project("{FAE04EC0-301F-11D3-BF4B-00C04F79EFBC}") = "TechStoreX", "TechStoreX\TechStoreX.csproj", "{3BC0AC7E-3B3B-4D3F-9CC0-B2BDECC460A6}"
EndProject
Project("{FAE04EC0-301F-11D3-BF4B-00C04F79EFBC}") = "BarcodeScanner.ZXing", "..\BarcodeScanner\BarcodeScanner.ZXing\BarcodeScanner.ZXing.csproj", "{DDC0B9B3-34F8-4341-ACD5-C03AA96FBE2A}"
EndProject
Project("{FAE04EC0-301F-11D3-BF4B-00C04F79EFBC}") = "BarcodeScanner.Core", "..\BarcodeScanner\BarcodeScanner.Core\BarcodeScanner.Core.csproj", "{C96494A0-C052-49D3-A072-3848E88DAA8B}"
EndProject
Project("{FAE04EC0-301F-11D3-BF4B-00C04F79EFBC}") = "BarcodeScanner.ZBar", "..\BarcodeScanner\BarcodeScanner.ZBar\BarcodeScanner.ZBar.csproj", "{5E93F659-2C3F-475B-899F-D1936BD41E3F}"
EndProject
Global
	GlobalSection(SolutionConfigurationPlatforms) = preSolution
		Debug|Any CPU = Debug|Any CPU
		Release|Any CPU = Release|Any CPU
	EndGlobalSection
	GlobalSection(ProjectConfigurationPlatforms) = postSolution
		{3BC0AC7E-3B3B-4D3F-9CC0-B2BDECC460A6}.Debug|Any CPU.ActiveCfg = Debug|Any CPU
		{3BC0AC7E-3B3B-4D3F-9CC0-B2BDECC460A6}.Debug|Any CPU.Build.0 = Debug|Any CPU
		{3BC0AC7E-3B3B-4D3F-9CC0-B2BDECC460A6}.Debug|Any CPU.Deploy.0 = Debug|Any CPU
		{3BC0AC7E-3B3B-4D3F-9CC0-B2BDECC460A6}.Release|Any CPU.ActiveCfg = Release|Any CPU
		{3BC0AC7E-3B3B-4D3F-9CC0-B2BDECC460A6}.Release|Any CPU.Build.0 = Release|Any CPU
		{3BC0AC7E-3B3B-4D3F-9CC0-B2BDECC460A6}.Release|Any CPU.Deploy.0 = Release|Any CPU
		{DDC0B9B3-34F8-4341-ACD5-C03AA96FBE2A}.Debug|Any CPU.ActiveCfg = Debug|Any CPU
		{DDC0B9B3-34F8-4341-ACD5-C03AA96FBE2A}.Debug|Any CPU.Build.0 = Debug|Any CPU
		{DDC0B9B3-34F8-4341-ACD5-C03AA96FBE2A}.Release|Any CPU.ActiveCfg = Release|Any CPU
		{DDC0B9B3-34F8-4341-ACD5-C03AA96FBE2A}.Release|Any CPU.Build.0 = Release|Any CPU
		{C96494A0-C052-49D3-A072-3848E88DAA8B}.Debug|Any CPU.ActiveCfg = Debug|Any CPU
		{C96494A0-C052-49D3-A072-3848E88DAA8B}.Debug|Any CPU.Build.0 = Debug|Any CPU
		{C96494A0-C052-49D3-A072-3848E88DAA8B}.Release|Any CPU.ActiveCfg = Release|Any CPU
		{C96494A0-C052-49D3-A072-3848E88DAA8B}.Release|Any CPU.Build.0 = Release|Any CPU
		{5E93F659-2C3F-475B-899F-D1936BD41E3F}.Debug|Any CPU.ActiveCfg = Debug|Any CPU
		{5E93F659-2C3F-475B-899F-D1936BD41E3F}.Debug|Any CPU.Build.0 = Debug|Any CPU
		{5E93F659-2C3F-475B-899F-D1936BD41E3F}.Release|Any CPU.ActiveCfg = Release|Any CPU
		{5E93F659-2C3F-475B-899F-D1936BD41E3F}.Release|Any CPU.Build.0 = Release|Any CPU
	EndGlobalSection
	GlobalSection(SolutionProperties) = preSolution
		HideSolutionNode = FALSE
	EndGlobalSection
	GlobalSection(ExtensibilityGlobals) = postSolution
		SolutionGuid = {73C265AD-76C1-4645-81A8-C7A8810B39D9}
	EndGlobalSection
EndGlobal
